
Microsoft Visual Studio Solution File, Format Version 12.00
# Visual Studio Version 17
VisualStudioVersion = 17.1.32228.430
MinimumVisualStudioVersion = 10.0.40219.1
Project("{2150E333-8FDC-42A3-9474-1A3956D46DE8}") = "Backend", "Backend", "{919C1395-C022-478E-AB3F-216EAC4EE937}"
EndProject
Project("{2150E333-8FDC-42A3-9474-1A3956D46DE8}") = "Frontend", "Frontend", "{DA7C2AF3-CF87-48A0-A9C1-8972E14EA70E}"
EndProject
Project("{9A19103F-16F7-4668-BE54-9A1E7A4F7556}") = "ParqueProcesoDesarrollo.Web", "ParqueProcesoDesarrollo.Web\ParqueProcesoDesarrollo.Web.csproj", "{32186F92-3DA5-4DDC-AB7F-1F2B73817C0D}"
EndProject
Global
	GlobalSection(SolutionConfigurationPlatforms) = preSolution
		Debug|Any CPU = Debug|Any CPU
		Release|Any CPU = Release|Any CPU
	EndGlobalSection
	GlobalSection(ProjectConfigurationPlatforms) = postSolution
		{32186F92-3DA5-4DDC-AB7F-1F2B73817C0D}.Debug|Any CPU.ActiveCfg = Debug|Any CPU
		{32186F92-3DA5-4DDC-AB7F-1F2B73817C0D}.Debug|Any CPU.Build.0 = Debug|Any CPU
		{32186F92-3DA5-4DDC-AB7F-1F2B73817C0D}.Release|Any CPU.ActiveCfg = Release|Any CPU
		{32186F92-3DA5-4DDC-AB7F-1F2B73817C0D}.Release|Any CPU.Build.0 = Release|Any CPU
	EndGlobalSection
	GlobalSection(SolutionProperties) = preSolution
		HideSolutionNode = FALSE
	EndGlobalSection
	GlobalSection(NestedProjects) = preSolution
		{32186F92-3DA5-4DDC-AB7F-1F2B73817C0D} = {919C1395-C022-478E-AB3F-216EAC4EE937}
	EndGlobalSection
	GlobalSection(ExtensibilityGlobals) = postSolution
		SolutionGuid = {7AC0C6AF-C683-4E76-8E3F-7376EF765B11}
	EndGlobalSection
EndGlobal
